// !$*UTF8*$!
{
	archiveVersion = 1;
	classes = {
	};
	objectVersion = 55;
	objects = {

/* Begin PBXBuildFile section */
		7B25E9072853EC3B007B5F11 /* WeatherManager.swift in Sources */ = {isa = PBXBuildFile; fileRef = 7B25E9062853EC3B007B5F11 /* WeatherManager.swift */; };
		7B25E9092853F81E007B5F11 /* WeatherView.swift in Sources */ = {isa = PBXBuildFile; fileRef = 7B25E9082853F81E007B5F11 /* WeatherView.swift */; };
		7B25E90B2853F8B5007B5F11 /* ManagerData.swift in Sources */ = {isa = PBXBuildFile; fileRef = 7B25E90A2853F8B5007B5F11 /* ManagerData.swift */; };
		7B25E90F2853F98A007B5F11 /* WeatherData.json in Resources */ = {isa = PBXBuildFile; fileRef = 7B25E90E2853F98A007B5F11 /* WeatherData.json */; };
		7B25E9112853FE8D007B5F11 /* Extensions.swift in Sources */ = {isa = PBXBuildFile; fileRef = 7B25E9102853FE8D007B5F11 /* Extensions.swift */; };
		7B25E9142854DD3B007B5F11 /* WeatherRow.swift in Sources */ = {isa = PBXBuildFile; fileRef = 7B25E9132854DD3B007B5F11 /* WeatherRow.swift */; };
		7B5EB8F4285387B8003C428A /* MeteoAppApp.swift in Sources */ = {isa = PBXBuildFile; fileRef = 7B5EB8F3285387B8003C428A /* MeteoAppApp.swift */; };
		7B5EB8F6285387B8003C428A /* ContentView.swift in Sources */ = {isa = PBXBuildFile; fileRef = 7B5EB8F5285387B8003C428A /* ContentView.swift */; };
		7B5EB8F8285387B8003C428A /* Assets.xcassets in Resources */ = {isa = PBXBuildFile; fileRef = 7B5EB8F7285387B8003C428A /* Assets.xcassets */; };
		7B5EB8FB285387B8003C428A /* Preview Assets.xcassets in Resources */ = {isa = PBXBuildFile; fileRef = 7B5EB8FA285387B8003C428A /* Preview Assets.xcassets */; };
		7B5EB905285387B8003C428A /* MeteoAppTests.swift in Sources */ = {isa = PBXBuildFile; fileRef = 7B5EB904285387B8003C428A /* MeteoAppTests.swift */; };
		7B5EB90F285387B9003C428A /* MeteoAppUITests.swift in Sources */ = {isa = PBXBuildFile; fileRef = 7B5EB90E285387B9003C428A /* MeteoAppUITests.swift */; };
		7B5EB911285387B9003C428A /* MeteoAppUITestsLaunchTests.swift in Sources */ = {isa = PBXBuildFile; fileRef = 7B5EB910285387B9003C428A /* MeteoAppUITestsLaunchTests.swift */; };
		7B5EB91F28538825003C428A /* LocationManager.swift in Sources */ = {isa = PBXBuildFile; fileRef = 7B5EB91E28538825003C428A /* LocationManager.swift */; };
		7B5EB9222853B361003C428A /* WelcomeView.swift in Sources */ = {isa = PBXBuildFile; fileRef = 7B5EB9212853B361003C428A /* WelcomeView.swift */; };
		7B5EB9252853B550003C428A /* CoreLocationUI.framework in Frameworks */ = {isa = PBXBuildFile; fileRef = 7B5EB9242853B550003C428A /* CoreLocationUI.framework */; };
		7B5EB9272853B796003C428A /* LoadingView.swift in Sources */ = {isa = PBXBuildFile; fileRef = 7B5EB9262853B796003C428A /* LoadingView.swift */; };
/* End PBXBuildFile section */

/* Begin PBXContainerItemProxy section */
		7B5EB901285387B8003C428A /* PBXContainerItemProxy */ = {
			isa = PBXContainerItemProxy;
			containerPortal = 7B5EB8E8285387B8003C428A /* Project object */;
			proxyType = 1;
			remoteGlobalIDString = 7B5EB8EF285387B8003C428A;
			remoteInfo = MeteoApp;
		};
		7B5EB90B285387B9003C428A /* PBXContainerItemProxy */ = {
			isa = PBXContainerItemProxy;
			containerPortal = 7B5EB8E8285387B8003C428A /* Project object */;
			proxyType = 1;
			remoteGlobalIDString = 7B5EB8EF285387B8003C428A;
			remoteInfo = MeteoApp;
		};
/* End PBXContainerItemProxy section */

/* Begin PBXFileReference section */
		7B25E9062853EC3B007B5F11 /* WeatherManager.swift */ = {isa = PBXFileReference; lastKnownFileType = sourcecode.swift; path = WeatherManager.swift; sourceTree = "<group>"; };
		7B25E9082853F81E007B5F11 /* WeatherView.swift */ = {isa = PBXFileReference; lastKnownFileType = sourcecode.swift; path = WeatherView.swift; sourceTree = "<group>"; };
		7B25E90A2853F8B5007B5F11 /* ManagerData.swift */ = {isa = PBXFileReference; lastKnownFileType = sourcecode.swift; path = ManagerData.swift; sourceTree = "<group>"; };
		7B25E90E2853F98A007B5F11 /* WeatherData.json */ = {isa = PBXFileReference; lastKnownFileType = text.json; path = WeatherData.json; sourceTree = "<group>"; };
		7B25E9102853FE8D007B5F11 /* Extensions.swift */ = {isa = PBXFileReference; lastKnownFileType = sourcecode.swift; path = Extensions.swift; sourceTree = "<group>"; };
		7B25E9132854DD3B007B5F11 /* WeatherRow.swift */ = {isa = PBXFileReference; lastKnownFileType = sourcecode.swift; path = WeatherRow.swift; sourceTree = "<group>"; };
		7B5EB8F0285387B8003C428A /* MeteoApp.app */ = {isa = PBXFileReference; explicitFileType = wrapper.application; includeInIndex = 0; path = MeteoApp.app; sourceTree = BUILT_PRODUCTS_DIR; };
		7B5EB8F3285387B8003C428A /* MeteoAppApp.swift */ = {isa = PBXFileReference; lastKnownFileType = sourcecode.swift; path = MeteoAppApp.swift; sourceTree = "<group>"; };
		7B5EB8F5285387B8003C428A /* ContentView.swift */ = {isa = PBXFileReference; lastKnownFileType = sourcecode.swift; path = ContentView.swift; sourceTree = "<group>"; };
		7B5EB8F7285387B8003C428A /* Assets.xcassets */ = {isa = PBXFileReference; lastKnownFileType = folder.assetcatalog; path = Assets.xcassets; sourceTree = "<group>"; };
		7B5EB8FA285387B8003C428A /* Preview Assets.xcassets */ = {isa = PBXFileReference; lastKnownFileType = folder.assetcatalog; path = "Preview Assets.xcassets"; sourceTree = "<group>"; };
		7B5EB900285387B8003C428A /* MeteoAppTests.xctest */ = {isa = PBXFileReference; explicitFileType = wrapper.cfbundle; includeInIndex = 0; path = MeteoAppTests.xctest; sourceTree = BUILT_PRODUCTS_DIR; };
		7B5EB904285387B8003C428A /* MeteoAppTests.swift */ = {isa = PBXFileReference; lastKnownFileType = sourcecode.swift; path = MeteoAppTests.swift; sourceTree = "<group>"; };
		7B5EB90A285387B9003C428A /* MeteoAppUITests.xctest */ = {isa = PBXFileReference; explicitFileType = wrapper.cfbundle; includeInIndex = 0; path = MeteoAppUITests.xctest; sourceTree = BUILT_PRODUCTS_DIR; };
		7B5EB90E285387B9003C428A /* MeteoAppUITests.swift */ = {isa = PBXFileReference; lastKnownFileType = sourcecode.swift; path = MeteoAppUITests.swift; sourceTree = "<group>"; };
		7B5EB910285387B9003C428A /* MeteoAppUITestsLaunchTests.swift */ = {isa = PBXFileReference; lastKnownFileType = sourcecode.swift; path = MeteoAppUITestsLaunchTests.swift; sourceTree = "<group>"; };
		7B5EB91E28538825003C428A /* LocationManager.swift */ = {isa = PBXFileReference; lastKnownFileType = sourcecode.swift; path = LocationManager.swift; sourceTree = "<group>"; };
		7B5EB9212853B361003C428A /* WelcomeView.swift */ = {isa = PBXFileReference; lastKnownFileType = sourcecode.swift; path = WelcomeView.swift; sourceTree = "<group>"; };
		7B5EB9242853B550003C428A /* CoreLocationUI.framework */ = {isa = PBXFileReference; lastKnownFileType = wrapper.framework; name = CoreLocationUI.framework; path = System/Library/Frameworks/CoreLocationUI.framework; sourceTree = SDKROOT; };
		7B5EB9262853B796003C428A /* LoadingView.swift */ = {isa = PBXFileReference; lastKnownFileType = sourcecode.swift; path = LoadingView.swift; sourceTree = "<group>"; };
/* End PBXFileReference section */

/* Begin PBXFrameworksBuildPhase section */
		7B5EB8ED285387B8003C428A /* Frameworks */ = {
			isa = PBXFrameworksBuildPhase;
			buildActionMask = 2147483647;
			files = (
				7B5EB9252853B550003C428A /* CoreLocationUI.framework in Frameworks */,
			);
			runOnlyForDeploymentPostprocessing = 0;
		};
		7B5EB8FD285387B8003C428A /* Frameworks */ = {
			isa = PBXFrameworksBuildPhase;
			buildActionMask = 2147483647;
			files = (
			);
			runOnlyForDeploymentPostprocessing = 0;
		};
		7B5EB907285387B9003C428A /* Frameworks */ = {
			isa = PBXFrameworksBuildPhase;
			buildActionMask = 2147483647;
			files = (
			);
			runOnlyForDeploymentPostprocessing = 0;
		};
/* End PBXFrameworksBuildPhase section */

/* Begin PBXGroup section */
		7B25E9122854DD2A007B5F11 /* Components */ = {
			isa = PBXGroup;
			children = (
				7B25E9132854DD3B007B5F11 /* WeatherRow.swift */,
			);
			path = Components;
			sourceTree = "<group>";
		};
		7B5EB8E7285387B8003C428A = {
			isa = PBXGroup;
			children = (
				7B25E9122854DD2A007B5F11 /* Components */,
				7B25E90E2853F98A007B5F11 /* WeatherData.json */,
				7B25E9102853FE8D007B5F11 /* Extensions.swift */,
				7B25E90A2853F8B5007B5F11 /* ManagerData.swift */,
				7B5EB8F2285387B8003C428A /* MeteoApp */,
				7B5EB903285387B8003C428A /* MeteoAppTests */,
				7B5EB90D285387B9003C428A /* MeteoAppUITests */,
				7B5EB8F1285387B8003C428A /* Products */,
				7B5EB9232853B550003C428A /* Frameworks */,
			);
			sourceTree = "<group>";
		};
		7B5EB8F1285387B8003C428A /* Products */ = {
			isa = PBXGroup;
			children = (
				7B5EB8F0285387B8003C428A /* MeteoApp.app */,
				7B5EB900285387B8003C428A /* MeteoAppTests.xctest */,
				7B5EB90A285387B9003C428A /* MeteoAppUITests.xctest */,
			);
			name = Products;
			sourceTree = "<group>";
		};
		7B5EB8F2285387B8003C428A /* MeteoApp */ = {
			isa = PBXGroup;
			children = (
				7B5EB9202853B24A003C428A /* Views */,
				7B5EB91D28538813003C428A /* Managers */,
				7B5EB8F3285387B8003C428A /* MeteoAppApp.swift */,
				7B5EB8F7285387B8003C428A /* Assets.xcassets */,
				7B5EB8F9285387B8003C428A /* Preview Content */,
			);
			path = MeteoApp;
			sourceTree = "<group>";
		};
		7B5EB8F9285387B8003C428A /* Preview Content */ = {
			isa = PBXGroup;
			children = (
				7B5EB8FA285387B8003C428A /* Preview Assets.xcassets */,
			);
			path = "Preview Content";
			sourceTree = "<group>";
		};
		7B5EB903285387B8003C428A /* MeteoAppTests */ = {
			isa = PBXGroup;
			children = (
				7B5EB904285387B8003C428A /* MeteoAppTests.swift */,
			);
			path = MeteoAppTests;
			sourceTree = "<group>";
		};
		7B5EB90D285387B9003C428A /* MeteoAppUITests */ = {
			isa = PBXGroup;
			children = (
				7B5EB90E285387B9003C428A /* MeteoAppUITests.swift */,
				7B5EB910285387B9003C428A /* MeteoAppUITestsLaunchTests.swift */,
			);
			path = MeteoAppUITests;
			sourceTree = "<group>";
		};
		7B5EB91D28538813003C428A /* Managers */ = {
			isa = PBXGroup;
			children = (
				7B5EB91E28538825003C428A /* LocationManager.swift */,
				7B25E9062853EC3B007B5F11 /* WeatherManager.swift */,
			);
			path = Managers;
			sourceTree = "<group>";
		};
		7B5EB9202853B24A003C428A /* Views */ = {
			isa = PBXGroup;
			children = (
				7B5EB8F5285387B8003C428A /* ContentView.swift */,
				7B5EB9262853B796003C428A /* LoadingView.swift */,
				7B5EB9212853B361003C428A /* WelcomeView.swift */,
				7B25E9082853F81E007B5F11 /* WeatherView.swift */,
			);
			path = Views;
			sourceTree = "<group>";
		};
		7B5EB9232853B550003C428A /* Frameworks */ = {
			isa = PBXGroup;
			children = (
				7B5EB9242853B550003C428A /* CoreLocationUI.framework */,
			);
			name = Frameworks;
			sourceTree = "<group>";
		};
/* End PBXGroup section */

/* Begin PBXNativeTarget section */
		7B5EB8EF285387B8003C428A /* MeteoApp */ = {
			isa = PBXNativeTarget;
			buildConfigurationList = 7B5EB914285387B9003C428A /* Build configuration list for PBXNativeTarget "MeteoApp" */;
			buildPhases = (
				7B5EB8EC285387B8003C428A /* Sources */,
				7B5EB8ED285387B8003C428A /* Frameworks */,
				7B5EB8EE285387B8003C428A /* Resources */,
			);
			buildRules = (
			);
			dependencies = (
			);
			name = MeteoApp;
			productName = MeteoApp;
			productReference = 7B5EB8F0285387B8003C428A /* MeteoApp.app */;
			productType = "com.apple.product-type.application";
		};
		7B5EB8FF285387B8003C428A /* MeteoAppTests */ = {
			isa = PBXNativeTarget;
			buildConfigurationList = 7B5EB917285387B9003C428A /* Build configuration list for PBXNativeTarget "MeteoAppTests" */;
			buildPhases = (
				7B5EB8FC285387B8003C428A /* Sources */,
				7B5EB8FD285387B8003C428A /* Frameworks */,
				7B5EB8FE285387B8003C428A /* Resources */,
			);
			buildRules = (
			);
			dependencies = (
				7B5EB902285387B8003C428A /* PBXTargetDependency */,
			);
			name = MeteoAppTests;
			productName = MeteoAppTests;
			productReference = 7B5EB900285387B8003C428A /* MeteoAppTests.xctest */;
			productType = "com.apple.product-type.bundle.unit-test";
		};
		7B5EB909285387B9003C428A /* MeteoAppUITests */ = {
			isa = PBXNativeTarget;
			buildConfigurationList = 7B5EB91A285387B9003C428A /* Build configuration list for PBXNativeTarget "MeteoAppUITests" */;
			buildPhases = (
				7B5EB906285387B9003C428A /* Sources */,
				7B5EB907285387B9003C428A /* Frameworks */,
				7B5EB908285387B9003C428A /* Resources */,
			);
			buildRules = (
			);
			dependencies = (
				7B5EB90C285387B9003C428A /* PBXTargetDependency */,
			);
			name = MeteoAppUITests;
			productName = MeteoAppUITests;
			productReference = 7B5EB90A285387B9003C428A /* MeteoAppUITests.xctest */;
			productType = "com.apple.product-type.bundle.ui-testing";
		};
/* End PBXNativeTarget section */

/* Begin PBXProject section */
		7B5EB8E8285387B8003C428A /* Project object */ = {
			isa = PBXProject;
			attributes = {
				BuildIndependentTargetsInParallel = 1;
				LastSwiftUpdateCheck = 1320;
				LastUpgradeCheck = 1320;
				TargetAttributes = {
					7B5EB8EF285387B8003C428A = {
						CreatedOnToolsVersion = 13.2.1;
					};
					7B5EB8FF285387B8003C428A = {
						CreatedOnToolsVersion = 13.2.1;
						TestTargetID = 7B5EB8EF285387B8003C428A;
					};
					7B5EB909285387B9003C428A = {
						CreatedOnToolsVersion = 13.2.1;
						TestTargetID = 7B5EB8EF285387B8003C428A;
					};
				};
			};
			buildConfigurationList = 7B5EB8EB285387B8003C428A /* Build configuration list for PBXProject "MeteoApp" */;
			compatibilityVersion = "Xcode 13.0";
			developmentRegion = en;
			hasScannedForEncodings = 0;
			knownRegions = (
				en,
				Base,
			);
			mainGroup = 7B5EB8E7285387B8003C428A;
			productRefGroup = 7B5EB8F1285387B8003C428A /* Products */;
			projectDirPath = "";
			projectRoot = "";
			targets = (
				7B5EB8EF285387B8003C428A /* MeteoApp */,
				7B5EB8FF285387B8003C428A /* MeteoAppTests */,
				7B5EB909285387B9003C428A /* MeteoAppUITests */,
			);
		};
/* End PBXProject section */

/* Begin PBXResourcesBuildPhase section */
		7B5EB8EE285387B8003C428A /* Resources */ = {
			isa = PBXResourcesBuildPhase;
			buildActionMask = 2147483647;
			files = (
				7B25E90F2853F98A007B5F11 /* WeatherData.json in Resources */,
				7B5EB8FB285387B8003C428A /* Preview Assets.xcassets in Resources */,
				7B5EB8F8285387B8003C428A /* Assets.xcassets in Resources */,
			);
			runOnlyForDeploymentPostprocessing = 0;
		};
		7B5EB8FE285387B8003C428A /* Resources */ = {
			isa = PBXResourcesBuildPhase;
			buildActionMask = 2147483647;
			files = (
			);
			runOnlyForDeploymentPostprocessing = 0;
		};
		7B5EB908285387B9003C428A /* Resources */ = {
			isa = PBXResourcesBuildPhase;
			buildActionMask = 2147483647;
			files = (
			);
			runOnlyForDeploymentPostprocessing = 0;
		};
/* End PBXResourcesBuildPhase section */

/* Begin PBXSourcesBuildPhase section */
		7B5EB8EC285387B8003C428A /* Sources */ = {
			isa = PBXSourcesBuildPhase;
			buildActionMask = 2147483647;
			files = (
				7B25E9072853EC3B007B5F11 /* WeatherManager.swift in Sources */,
				7B25E9112853FE8D007B5F11 /* Extensions.swift in Sources */,
				7B25E90B2853F8B5007B5F11 /* ManagerData.swift in Sources */,
				7B5EB8F6285387B8003C428A /* ContentView.swift in Sources */,
				7B5EB8F4285387B8003C428A /* MeteoAppApp.swift in Sources */,
				7B25E9142854DD3B007B5F11 /* WeatherRow.swift in Sources */,
				7B5EB9272853B796003C428A /* LoadingView.swift in Sources */,
				7B5EB91F28538825003C428A /* LocationManager.swift in Sources */,
				7B25E9092853F81E007B5F11 /* WeatherView.swift in Sources */,
				7B5EB9222853B361003C428A /* WelcomeView.swift in Sources */,
			);
			runOnlyForDeploymentPostprocessing = 0;
		};
		7B5EB8FC285387B8003C428A /* Sources */ = {
			isa = PBXSourcesBuildPhase;
			buildActionMask = 2147483647;
			files = (
				7B5EB905285387B8003C428A /* MeteoAppTests.swift in Sources */,
			);
			runOnlyForDeploymentPostprocessing = 0;
		};
		7B5EB906285387B9003C428A /* Sources */ = {
			isa = PBXSourcesBuildPhase;
			buildActionMask = 2147483647;
			files = (
				7B5EB911285387B9003C428A /* MeteoAppUITestsLaunchTests.swift in Sources */,
				7B5EB90F285387B9003C428A /* MeteoAppUITests.swift in Sources */,
			);
			runOnlyForDeploymentPostprocessing = 0;
		};
/* End PBXSourcesBuildPhase section */

/* Begin PBXTargetDependency section */
		7B5EB902285387B8003C428A /* PBXTargetDependency */ = {
			isa = PBXTargetDependency;
			target = 7B5EB8EF285387B8003C428A /* MeteoApp */;
			targetProxy = 7B5EB901285387B8003C428A /* PBXContainerItemProxy */;
		};
		7B5EB90C285387B9003C428A /* PBXTargetDependency */ = {
			isa = PBXTargetDependency;
			target = 7B5EB8EF285387B8003C428A /* MeteoApp */;
			targetProxy = 7B5EB90B285387B9003C428A /* PBXContainerItemProxy */;
		};
/* End PBXTargetDependency section */

/* Begin XCBuildConfiguration section */
		7B5EB912285387B9003C428A /* Debug */ = {
			isa = XCBuildConfiguration;
			buildSettings = {
				ALWAYS_SEARCH_USER_PATHS = NO;
				CLANG_ANALYZER_NONNULL = YES;
				CLANG_ANALYZER_NUMBER_OBJECT_CONVERSION = YES_AGGRESSIVE;
				CLANG_CXX_LANGUAGE_STANDARD = "gnu++17";
				CLANG_CXX_LIBRARY = "libc++";
				CLANG_ENABLE_MODULES = YES;
				CLANG_ENABLE_OBJC_ARC = YES;
				CLANG_ENABLE_OBJC_WEAK = YES;
				CLANG_WARN_BLOCK_CAPTURE_AUTORELEASING = YES;
				CLANG_WARN_BOOL_CONVERSION = YES;
				CLANG_WARN_COMMA = YES;
				CLANG_WARN_CONSTANT_CONVERSION = YES;
				CLANG_WARN_DEPRECATED_OBJC_IMPLEMENTATIONS = YES;
				CLANG_WARN_DIRECT_OBJC_ISA_USAGE = YES_ERROR;
				CLANG_WARN_DOCUMENTATION_COMMENTS = YES;
				CLANG_WARN_EMPTY_BODY = YES;
				CLANG_WARN_ENUM_CONVERSION = YES;
				CLANG_WARN_INFINITE_RECURSION = YES;
				CLANG_WARN_INT_CONVERSION = YES;
				CLANG_WARN_NON_LITERAL_NULL_CONVERSION = YES;
				CLANG_WARN_OBJC_IMPLICIT_RETAIN_SELF = YES;
				CLANG_WARN_OBJC_LITERAL_CONVERSION = YES;
				CLANG_WARN_OBJC_ROOT_CLASS = YES_ERROR;
				CLANG_WARN_QUOTED_INCLUDE_IN_FRAMEWORK_HEADER = YES;
				CLANG_WARN_RANGE_LOOP_ANALYSIS = YES;
				CLANG_WARN_STRICT_PROTOTYPES = YES;
				CLANG_WARN_SUSPICIOUS_MOVE = YES;
				CLANG_WARN_UNGUARDED_AVAILABILITY = YES_AGGRESSIVE;
				CLANG_WARN_UNREACHABLE_CODE = YES;
				CLANG_WARN__DUPLICATE_METHOD_MATCH = YES;
				COPY_PHASE_STRIP = NO;
				DEBUG_INFORMATION_FORMAT = dwarf;
				ENABLE_STRICT_OBJC_MSGSEND = YES;
				ENABLE_TESTABILITY = YES;
				GCC_C_LANGUAGE_STANDARD = gnu11;
				GCC_DYNAMIC_NO_PIC = NO;
				GCC_NO_COMMON_BLOCKS = YES;
				GCC_OPTIMIZATION_LEVEL = 0;
				GCC_PREPROCESSOR_DEFINITIONS = (
					"DEBUG=1",
					"$(inherited)",
				);
				GCC_WARN_64_TO_32_BIT_CONVERSION = YES;
				GCC_WARN_ABOUT_RETURN_TYPE = YES_ERROR;
				GCC_WARN_UNDECLARED_SELECTOR = YES;
				GCC_WARN_UNINITIALIZED_AUTOS = YES_AGGRESSIVE;
				GCC_WARN_UNUSED_FUNCTION = YES;
				GCC_WARN_UNUSED_VARIABLE = YES;
				IPHONEOS_DEPLOYMENT_TARGET = 15.2;
				MTL_ENABLE_DEBUG_INFO = INCLUDE_SOURCE;
				MTL_FAST_MATH = YES;
				ONLY_ACTIVE_ARCH = YES;
				SDKROOT = iphoneos;
				SWIFT_ACTIVE_COMPILATION_CONDITIONS = DEBUG;
				SWIFT_OPTIMIZATION_LEVEL = "-Onone";
			};
			name = Debug;
		};
		7B5EB913285387B9003C428A /* Release */ = {
			isa = XCBuildConfiguration;
			buildSettings = {
				ALWAYS_SEARCH_USER_PATHS = NO;
				CLANG_ANALYZER_NONNULL = YES;
				CLANG_ANALYZER_NUMBER_OBJECT_CONVERSION = YES_AGGRESSIVE;
				CLANG_CXX_LANGUAGE_STANDARD = "gnu++17";
				CLANG_CXX_LIBRARY = "libc++";
				CLANG_ENABLE_MODULES = YES;
				CLANG_ENABLE_OBJC_ARC = YES;
				CLANG_ENABLE_OBJC_WEAK = YES;
				CLANG_WARN_BLOCK_CAPTURE_AUTORELEASING = YES;
				CLANG_WARN_BOOL_CONVERSION = YES;
				CLANG_WARN_COMMA = YES;
				CLANG_WARN_CONSTANT_CONVERSION = YES;
				CLANG_WARN_DEPRECATED_OBJC_IMPLEMENTATIONS = YES;
				CLANG_WARN_DIRECT_OBJC_ISA_USAGE = YES_ERROR;
				CLANG_WARN_DOCUMENTATION_COMMENTS = YES;
				CLANG_WARN_EMPTY_BODY = YES;
				CLANG_WARN_ENUM_CONVERSION = YES;
				CLANG_WARN_INFINITE_RECURSION = YES;
				CLANG_WARN_INT_CONVERSION = YES;
				CLANG_WARN_NON_LITERAL_NULL_CONVERSION = YES;
				CLANG_WARN_OBJC_IMPLICIT_RETAIN_SELF = YES;
				CLANG_WARN_OBJC_LITERAL_CONVERSION = YES;
				CLANG_WARN_OBJC_ROOT_CLASS = YES_ERROR;
				CLANG_WARN_QUOTED_INCLUDE_IN_FRAMEWORK_HEADER = YES;
				CLANG_WARN_RANGE_LOOP_ANALYSIS = YES;
				CLANG_WARN_STRICT_PROTOTYPES = YES;
				CLANG_WARN_SUSPICIOUS_MOVE = YES;
				CLANG_WARN_UNGUARDED_AVAILABILITY = YES_AGGRESSIVE;
				CLANG_WARN_UNREACHABLE_CODE = YES;
				CLANG_WARN__DUPLICATE_METHOD_MATCH = YES;
				COPY_PHASE_STRIP = NO;
				DEBUG_INFORMATION_FORMAT = "dwarf-with-dsym";
				ENABLE_NS_ASSERTIONS = NO;
				ENABLE_STRICT_OBJC_MSGSEND = YES;
				GCC_C_LANGUAGE_STANDARD = gnu11;
				GCC_NO_COMMON_BLOCKS = YES;
				GCC_WARN_64_TO_32_BIT_CONVERSION = YES;
				GCC_WARN_ABOUT_RETURN_TYPE = YES_ERROR;
				GCC_WARN_UNDECLARED_SELECTOR = YES;
				GCC_WARN_UNINITIALIZED_AUTOS = YES_AGGRESSIVE;
				GCC_WARN_UNUSED_FUNCTION = YES;
				GCC_WARN_UNUSED_VARIABLE = YES;
				IPHONEOS_DEPLOYMENT_TARGET = 15.2;
				MTL_ENABLE_DEBUG_INFO = NO;
				MTL_FAST_MATH = YES;
				SDKROOT = iphoneos;
				SWIFT_COMPILATION_MODE = wholemodule;
				SWIFT_OPTIMIZATION_LEVEL = "-O";
				VALIDATE_PRODUCT = YES;
			};
			name = Release;
		};
		7B5EB915285387B9003C428A /* Debug */ = {
			isa = XCBuildConfiguration;
			buildSettings = {
				ASSETCATALOG_COMPILER_APPICON_NAME = AppIcon;
				ASSETCATALOG_COMPILER_GLOBAL_ACCENT_COLOR_NAME = AccentColor;
				CODE_SIGN_IDENTITY = "Apple Development";
				CODE_SIGN_STYLE = Manual;
				CURRENT_PROJECT_VERSION = 1;
				DEVELOPMENT_ASSET_PATHS = "\"MeteoApp/Preview Content\"";
				DEVELOPMENT_TEAM = "";
				ENABLE_PREVIEWS = YES;
				GENERATE_INFOPLIST_FILE = YES;
				INFOPLIST_KEY_UIApplicationSceneManifest_Generation = YES;
				INFOPLIST_KEY_UIApplicationSupportsIndirectInputEvents = YES;
				INFOPLIST_KEY_UILaunchScreen_Generation = YES;
				INFOPLIST_KEY_UISupportedInterfaceOrientations_iPad = "UIInterfaceOrientationPortrait UIInterfaceOrientationPortraitUpsideDown UIInterfaceOrientationLandscapeLeft UIInterfaceOrientationLandscapeRight";
				INFOPLIST_KEY_UISupportedInterfaceOrientations_iPhone = "UIInterfaceOrientationPortrait UIInterfaceOrientationLandscapeLeft UIInterfaceOrientationLandscapeRight";
				LD_RUNPATH_SEARCH_PATHS = (
					"$(inherited)",
					"@executable_path/Frameworks",
				);
				MARKETING_VERSION = 1.0;
				PRODUCT_BUNDLE_IDENTIFIER = com.booh.uitest.MeteoApp;
				PRODUCT_NAME = "$(TARGET_NAME)";
				PROVISIONING_PROFILE_SPECIFIER = "";
				SWIFT_EMIT_LOC_STRINGS = YES;
				SWIFT_VERSION = 5.0;
				TARGETED_DEVICE_FAMILY = "1,2";
			};
			name = Debug;
		};
		7B5EB916285387B9003C428A /* Release */ = {
			isa = XCBuildConfiguration;
			buildSettings = {
				ASSETCATALOG_COMPILER_APPICON_NAME = AppIcon;
				ASSETCATALOG_COMPILER_GLOBAL_ACCENT_COLOR_NAME = AccentColor;
				CODE_SIGN_IDENTITY = "Apple Development";
				CODE_SIGN_STYLE = Manual;
				CURRENT_PROJECT_VERSION = 1;
				DEVELOPMENT_ASSET_PATHS = "\"MeteoApp/Preview Content\"";
				DEVELOPMENT_TEAM = "";
				ENABLE_PREVIEWS = YES;
				GENERATE_INFOPLIST_FILE = YES;
				INFOPLIST_KEY_UIApplicationSceneManifest_Generation = YES;
				INFOPLIST_KEY_UIApplicationSupportsIndirectInputEvents = YES;
				INFOPLIST_KEY_UILaunchScreen_Generation = YES;
				INFOPLIST_KEY_UISupportedInterfaceOrientations_iPad = "UIInterfaceOrientationPortrait UIInterfaceOrientationPortraitUpsideDown UIInterfaceOrientationLandscapeLeft UIInterfaceOrientationLandscapeRight";
				INFOPLIST_KEY_UISupportedInterfaceOrientations_iPhone = "UIInterfaceOrientationPortrait UIInterfaceOrientationLandscapeLeft UIInterfaceOrientationLandscapeRight";
				LD_RUNPATH_SEARCH_PATHS = (
					"$(inherited)",
					"@executable_path/Frameworks",
				);
				MARKETING_VERSION = 1.0;
				PRODUCT_BUNDLE_IDENTIFIER = com.booh.uitest.MeteoApp;
				PRODUCT_NAME = "$(TARGET_NAME)";
				PROVISIONING_PROFILE_SPECIFIER = "";
				SWIFT_EMIT_LOC_STRINGS = YES;
				SWIFT_VERSION = 5.0;
				TARGETED_DEVICE_FAMILY = "1,2";
			};
			name = Release;
		};
		7B5EB918285387B9003C428A /* Debug */ = {
			isa = XCBuildConfiguration;
			buildSettings = {
				ALWAYS_EMBED_SWIFT_STANDARD_LIBRARIES = YES;
				BUNDLE_LOADER = "$(TEST_HOST)";
				CODE_SIGN_STYLE = Automatic;
				CURRENT_PROJECT_VERSION = 1;
				DEVELOPMENT_TEAM = Y542NXVNVY;
				GENERATE_INFOPLIST_FILE = YES;
				IPHONEOS_DEPLOYMENT_TARGET = 15.2;
				MARKETING_VERSION = 1.0;
				PRODUCT_BUNDLE_IDENTIFIER = com.booh.uitest.MeteoAppTests;
				PRODUCT_NAME = "$(TARGET_NAME)";
				SWIFT_EMIT_LOC_STRINGS = NO;
				SWIFT_VERSION = 5.0;
				TARGETED_DEVICE_FAMILY = "1,2";
				TEST_HOST = "$(BUILT_PRODUCTS_DIR)/MeteoApp.app/MeteoApp";
			};
			name = Debug;
		};
		7B5EB919285387B9003C428A /* Release */ = {
			isa = XCBuildConfiguration;
			buildSettings = {
				ALWAYS_EMBED_SWIFT_STANDARD_LIBRARIES = YES;
				BUNDLE_LOADER = "$(TEST_HOST)";
				CODE_SIGN_STYLE = Automatic;
				CURRENT_PROJECT_VERSION = 1;
				DEVELOPMENT_TEAM = Y542NXVNVY;
				GENERATE_INFOPLIST_FILE = YES;
				IPHONEOS_DEPLOYMENT_TARGET = 15.2;
				MARKETING_VERSION = 1.0;
				PRODUCT_BUNDLE_IDENTIFIER = com.booh.uitest.MeteoAppTests;
				PRODUCT_NAME = "$(TARGET_NAME)";
				SWIFT_EMIT_LOC_STRINGS = NO;
				SWIFT_VERSION = 5.0;
				TARGETED_DEVICE_FAMILY = "1,2";
				TEST_HOST = "$(BUILT_PRODUCTS_DIR)/MeteoApp.app/MeteoApp";
			};
			name = Release;
		};
		7B5EB91B285387B9003C428A /* Debug */ = {
			isa = XCBuildConfiguration;
			buildSettings = {
				ALWAYS_EMBED_SWIFT_STANDARD_LIBRARIES = YES;
				CODE_SIGN_STYLE = Automatic;
				CURRENT_PROJECT_VERSION = 1;
				DEVELOPMENT_TEAM = Y542NXVNVY;
				GENERATE_INFOPLIST_FILE = YES;
				MARKETING_VERSION = 1.0;
				PRODUCT_BUNDLE_IDENTIFIER = com.booh.uitest.MeteoAppUITests;
				PRODUCT_NAME = "$(TARGET_NAME)";
				SWIFT_EMIT_LOC_STRINGS = NO;
				SWIFT_VERSION = 5.0;
				TARGETED_DEVICE_FAMILY = "1,2";
				TEST_TARGET_NAME = MeteoApp;
			};
			name = Debug;
		};
		7B5EB91C285387B9003C428A /* Release */ = {
			isa = XCBuildConfiguration;
			buildSettings = {
				ALWAYS_EMBED_SWIFT_STANDARD_LIBRARIES = YES;
				CODE_SIGN_STYLE = Automatic;
				CURRENT_PROJECT_VERSION = 1;
				DEVELOPMENT_TEAM = Y542NXVNVY;
				GENERATE_INFOPLIST_FILE = YES;
				MARKETING_VERSION = 1.0;
				PRODUCT_BUNDLE_IDENTIFIER = com.booh.uitest.MeteoAppUITests;
				PRODUCT_NAME = "$(TARGET_NAME)";
				SWIFT_EMIT_LOC_STRINGS = NO;
				SWIFT_VERSION = 5.0;
				TARGETED_DEVICE_FAMILY = "1,2";
				TEST_TARGET_NAME = MeteoApp;
			};
			name = Release;
		};
/* End XCBuildConfiguration section */

/* Begin XCConfigurationList section */
		7B5EB8EB285387B8003C428A /* Build configuration list for PBXProject "MeteoApp" */ = {
			isa = XCConfigurationList;
			buildConfigurations = (
				7B5EB912285387B9003C428A /* Debug */,
				7B5EB913285387B9003C428A /* Release */,
			);
			defaultConfigurationIsVisible = 0;
			defaultConfigurationName = Release;
		};
		7B5EB914285387B9003C428A /* Build configuration list for PBXNativeTarget "MeteoApp" */ = {
			isa = XCConfigurationList;
			buildConfigurations = (
				7B5EB915285387B9003C428A /* Debug */,
				7B5EB916285387B9003C428A /* Release */,
			);
			defaultConfigurationIsVisible = 0;
			defaultConfigurationName = Release;
		};
		7B5EB917285387B9003C428A /* Build configuration list for PBXNativeTarget "MeteoAppTests" */ = {
			isa = XCConfigurationList;
			buildConfigurations = (
				7B5EB918285387B9003C428A /* Debug */,
				7B5EB919285387B9003C428A /* Release */,
			);
			defaultConfigurationIsVisible = 0;
			defaultConfigurationName = Release;
		};
		7B5EB91A285387B9003C428A /* Build configuration list for PBXNativeTarget "MeteoAppUITests" */ = {
			isa = XCConfigurationList;
			buildConfigurations = (
				7B5EB91B285387B9003C428A /* Debug */,
				7B5EB91C285387B9003C428A /* Release */,
			);
			defaultConfigurationIsVisible = 0;
			defaultConfigurationName = Release;
		};
/* End XCConfigurationList section */
	};
	rootObject = 7B5EB8E8285387B8003C428A /* Project object */;
}
